{
  "name": "timezone-util",
  "version": "1.0.0",
  "lockfileVersion": 1,
  "requires": true,
  "dependencies": {
    "moment": {
      "version": "2.29.4",
      "resolved": "http://nexus.turtlemint.com/repository/npm-group/moment/-/moment-2.29.4.tgz",
      "integrity": "sha512-5LC9SOxjSc2HF6vO2CyuTDNivEdoz2IvyJJGj6X8DJ0eFyfszE0QiEd+iXmBvUP3WHxSjFH/vIsA0EN00cgr8w=="
    },
    "moment-timezone": {
      "version": "0.5.42",
      "resolved": "http://nexus.turtlemint.com/repository/npm-group/moment-timezone/-/moment-timezone-0.5.42.tgz",
      "integrity": "sha512-tjI9goqwzkflKSTxJo+jC/W8riTFwEjjunssmFvAWlvNVApjbkJM7UHggyKO0q1Fd/kZVKY77H7C9A0XKhhAFw==",
      "requires": {
        "moment": "^2.29.4"
      }
    }
  }
}
